
Microsoft Visual Studio Solution File, Format Version 12.00
# Visual Studio Version 17
VisualStudioVersion = 17.14.36221.1 d17.14
MinimumVisualStudioVersion = 10.0.40219.1
Project("{FAE04EC0-301F-11D3-BF4B-00C04F79EFBC}") = "LibraryAPI", "LibraryAPI.csproj", "{108157DE-11B8-4053-9F9B-476BE4D80DC0}"
EndProject
Global
	GlobalSection(SolutionConfigurationPlatforms) = preSolution
		Debug|Any CPU = Debug|Any CPU
		Release|Any CPU = Release|Any CPU
	EndGlobalSection
	GlobalSection(ProjectConfigurationPlatforms) = postSolution
		{108157DE-11B8-4053-9F9B-476BE4D80DC0}.Debug|Any CPU.ActiveCfg = Debug|Any CPU
		{108157DE-11B8-4053-9F9B-476BE4D80DC0}.Debug|Any CPU.Build.0 = Debug|Any CPU
		{108157DE-11B8-4053-9F9B-476BE4D80DC0}.Release|Any CPU.ActiveCfg = Release|Any CPU
		{108157DE-11B8-4053-9F9B-476BE4D80DC0}.Release|Any CPU.Build.0 = Release|Any CPU
	EndGlobalSection
	GlobalSection(SolutionProperties) = preSolution
		HideSolutionNode = FALSE
	EndGlobalSection
	GlobalSection(ExtensibilityGlobals) = postSolution
		SolutionGuid = {F1345BF1-33C7-4A70-BD84-42C1835B6082}
	EndGlobalSection
EndGlobal
